// !$*UTF8*$!
{
	archiveVersion = 1;
	classes = {
	};
	objectVersion = 46;
	objects = {

/* Begin PBXBuildFile section */
		CA18F5971E58480F003788F6 /* AppDelegate.swift in Sources */ = {isa = PBXBuildFile; fileRef = CA18F5961E58480F003788F6 /* AppDelegate.swift */; };
		CA18F5991E58480F003788F6 /* MainVC.swift in Sources */ = {isa = PBXBuildFile; fileRef = CA18F5981E58480F003788F6 /* MainVC.swift */; };
		CA18F59C1E58480F003788F6 /* Main.storyboard in Resources */ = {isa = PBXBuildFile; fileRef = CA18F59A1E58480F003788F6 /* Main.storyboard */; };
		CA18F59E1E58480F003788F6 /* Assets.xcassets in Resources */ = {isa = PBXBuildFile; fileRef = CA18F59D1E58480F003788F6 /* Assets.xcassets */; };
		CA18F5A11E58480F003788F6 /* LaunchScreen.storyboard in Resources */ = {isa = PBXBuildFile; fileRef = CA18F59F1E58480F003788F6 /* LaunchScreen.storyboard */; };
		CA18F5AC1E58480F003788F6 /* PartyRockAppTests.swift in Sources */ = {isa = PBXBuildFile; fileRef = CA18F5AB1E58480F003788F6 /* PartyRockAppTests.swift */; };
		CA18F5B71E58480F003788F6 /* PartyRockAppUITests.swift in Sources */ = {isa = PBXBuildFile; fileRef = CA18F5B61E58480F003788F6 /* PartyRockAppUITests.swift */; };
/* End PBXBuildFile section */

/* Begin PBXContainerItemProxy section */
		CA18F5A81E58480F003788F6 /* PBXContainerItemProxy */ = {
			isa = PBXContainerItemProxy;
			containerPortal = CA18F58B1E58480F003788F6 /* Project object */;
			proxyType = 1;
			remoteGlobalIDString = CA18F5921E58480F003788F6;
			remoteInfo = PartyRockApp;
		};
		CA18F5B31E58480F003788F6 /* PBXContainerItemProxy */ = {
			isa = PBXContainerItemProxy;
			containerPortal = CA18F58B1E58480F003788F6 /* Project object */;
			proxyType = 1;
			remoteGlobalIDString = CA18F5921E58480F003788F6;
			remoteInfo = PartyRockApp;
		};
/* End PBXContainerItemProxy section */

/* Begin PBXFileReference section */
		CA18F5931E58480F003788F6 /* PartyRockApp.app */ = {isa = PBXFileReference; explicitFileType = wrapper.application; includeInIndex = 0; path = PartyRockApp.app; sourceTree = BUILT_PRODUCTS_DIR; };
		CA18F5961E58480F003788F6 /* AppDelegate.swift */ = {isa = PBXFileReference; lastKnownFileType = sourcecode.swift; path = AppDelegate.swift; sourceTree = "<group>"; };
		CA18F5981E58480F003788F6 /* MainVC.swift */ = {isa = PBXFileReference; lastKnownFileType = sourcecode.swift; path = MainVC.swift; sourceTree = "<group>"; };
		CA18F59B1E58480F003788F6 /* Base */ = {isa = PBXFileReference; lastKnownFileType = file.storyboard; name = Base; path = Base.lproj/Main.storyboard; sourceTree = "<group>"; };
		CA18F59D1E58480F003788F6 /* Assets.xcassets */ = {isa = PBXFileReference; lastKnownFileType = folder.assetcatalog; path = Assets.xcassets; sourceTree = "<group>"; };
		CA18F5A01E58480F003788F6 /* Base */ = {isa = PBXFileReference; lastKnownFileType = file.storyboard; name = Base; path = Base.lproj/LaunchScreen.storyboard; sourceTree = "<group>"; };
		CA18F5A21E58480F003788F6 /* Info.plist */ = {isa = PBXFileReference; lastKnownFileType = text.plist.xml; path = Info.plist; sourceTree = "<group>"; };
		CA18F5A71E58480F003788F6 /* PartyRockAppTests.xctest */ = {isa = PBXFileReference; explicitFileType = wrapper.cfbundle; includeInIndex = 0; path = PartyRockAppTests.xctest; sourceTree = BUILT_PRODUCTS_DIR; };
		CA18F5AB1E58480F003788F6 /* PartyRockAppTests.swift */ = {isa = PBXFileReference; lastKnownFileType = sourcecode.swift; path = PartyRockAppTests.swift; sourceTree = "<group>"; };
		CA18F5AD1E58480F003788F6 /* Info.plist */ = {isa = PBXFileReference; lastKnownFileType = text.plist.xml; path = Info.plist; sourceTree = "<group>"; };
		CA18F5B21E58480F003788F6 /* PartyRockAppUITests.xctest */ = {isa = PBXFileReference; explicitFileType = wrapper.cfbundle; includeInIndex = 0; path = PartyRockAppUITests.xctest; sourceTree = BUILT_PRODUCTS_DIR; };
		CA18F5B61E58480F003788F6 /* PartyRockAppUITests.swift */ = {isa = PBXFileReference; lastKnownFileType = sourcecode.swift; path = PartyRockAppUITests.swift; sourceTree = "<group>"; };
		CA18F5B81E58480F003788F6 /* Info.plist */ = {isa = PBXFileReference; lastKnownFileType = text.plist.xml; path = Info.plist; sourceTree = "<group>"; };
/* End PBXFileReference section */

/* Begin PBXFrameworksBuildPhase section */
		CA18F5901E58480F003788F6 /* Frameworks */ = {
			isa = PBXFrameworksBuildPhase;
			buildActionMask = 2147483647;
			files = (
			);
			runOnlyForDeploymentPostprocessing = 0;
		};
		CA18F5A41E58480F003788F6 /* Frameworks */ = {
			isa = PBXFrameworksBuildPhase;
			buildActionMask = 2147483647;
			files = (
			);
			runOnlyForDeploymentPostprocessing = 0;
		};
		CA18F5AF1E58480F003788F6 /* Frameworks */ = {
			isa = PBXFrameworksBuildPhase;
			buildActionMask = 2147483647;
			files = (
			);
			runOnlyForDeploymentPostprocessing = 0;
		};
/* End PBXFrameworksBuildPhase section */

/* Begin PBXGroup section */
		CA18F58A1E58480F003788F6 = {
			isa = PBXGroup;
			children = (
				CA18F5951E58480F003788F6 /* PartyRockApp */,
				CA18F5AA1E58480F003788F6 /* PartyRockAppTests */,
				CA18F5B51E58480F003788F6 /* PartyRockAppUITests */,
				CA18F5941E58480F003788F6 /* Products */,
			);
			sourceTree = "<group>";
		};
		CA18F5941E58480F003788F6 /* Products */ = {
			isa = PBXGroup;
			children = (
				CA18F5931E58480F003788F6 /* PartyRockApp.app */,
				CA18F5A71E58480F003788F6 /* PartyRockAppTests.xctest */,
				CA18F5B21E58480F003788F6 /* PartyRockAppUITests.xctest */,
			);
			name = Products;
			sourceTree = "<group>";
		};
		CA18F5951E58480F003788F6 /* PartyRockApp */ = {
			isa = PBXGroup;
			children = (
				CA18F5C61E584929003788F6 /* Model */,
				CA18F5C51E584923003788F6 /* View */,
				CA18F5C41E584913003788F6 /* Controller */,
				CA18F5961E58480F003788F6 /* AppDelegate.swift */,
				CA18F59A1E58480F003788F6 /* Main.storyboard */,
				CA18F59D1E58480F003788F6 /* Assets.xcassets */,
				CA18F59F1E58480F003788F6 /* LaunchScreen.storyboard */,
				CA18F5A21E58480F003788F6 /* Info.plist */,
			);
			path = PartyRockApp;
			sourceTree = "<group>";
		};
		CA18F5AA1E58480F003788F6 /* PartyRockAppTests */ = {
			isa = PBXGroup;
			children = (
				CA18F5AB1E58480F003788F6 /* PartyRockAppTests.swift */,
				CA18F5AD1E58480F003788F6 /* Info.plist */,
			);
			path = PartyRockAppTests;
			sourceTree = "<group>";
		};
		CA18F5B51E58480F003788F6 /* PartyRockAppUITests */ = {
			isa = PBXGroup;
			children = (
				CA18F5B61E58480F003788F6 /* PartyRockAppUITests.swift */,
				CA18F5B81E58480F003788F6 /* Info.plist */,
			);
			path = PartyRockAppUITests;
			sourceTree = "<group>";
		};
		CA18F5C41E584913003788F6 /* Controller */ = {
			isa = PBXGroup;
			children = (
				CA18F5981E58480F003788F6 /* MainVC.swift */,
			);
			name = Controller;
			sourceTree = "<group>";
		};
		CA18F5C51E584923003788F6 /* View */ = {
			isa = PBXGroup;
			children = (
			);
			name = View;
			sourceTree = "<group>";
		};
		CA18F5C61E584929003788F6 /* Model */ = {
			isa = PBXGroup;
			children = (
			);
			name = Model;
			sourceTree = "<group>";
		};
/* End PBXGroup section */

/* Begin PBXNativeTarget section */
		CA18F5921E58480F003788F6 /* PartyRockApp */ = {
			isa = PBXNativeTarget;
			buildConfigurationList = CA18F5BB1E58480F003788F6 /* Build configuration list for PBXNativeTarget "PartyRockApp" */;
			buildPhases = (
				CA18F58F1E58480F003788F6 /* Sources */,
				CA18F5901E58480F003788F6 /* Frameworks */,
				CA18F5911E58480F003788F6 /* Resources */,
			);
			buildRules = (
			);
			dependencies = (
			);
			name = PartyRockApp;
			productName = PartyRockApp;
			productReference = CA18F5931E58480F003788F6 /* PartyRockApp.app */;
			productType = "com.apple.product-type.application";
		};
		CA18F5A61E58480F003788F6 /* PartyRockAppTests */ = {
			isa = PBXNativeTarget;
			buildConfigurationList = CA18F5BE1E58480F003788F6 /* Build configuration list for PBXNativeTarget "PartyRockAppTests" */;
			buildPhases = (
				CA18F5A31E58480F003788F6 /* Sources */,
				CA18F5A41E58480F003788F6 /* Frameworks */,
				CA18F5A51E58480F003788F6 /* Resources */,
			);
			buildRules = (
			);
			dependencies = (
				CA18F5A91E58480F003788F6 /* PBXTargetDependency */,
			);
			name = PartyRockAppTests;
			productName = PartyRockAppTests;
			productReference = CA18F5A71E58480F003788F6 /* PartyRockAppTests.xctest */;
			productType = "com.apple.product-type.bundle.unit-test";
		};
		CA18F5B11E58480F003788F6 /* PartyRockAppUITests */ = {
			isa = PBXNativeTarget;
			buildConfigurationList = CA18F5C11E58480F003788F6 /* Build configuration list for PBXNativeTarget "PartyRockAppUITests" */;
			buildPhases = (
				CA18F5AE1E58480F003788F6 /* Sources */,
				CA18F5AF1E58480F003788F6 /* Frameworks */,
				CA18F5B01E58480F003788F6 /* Resources */,
			);
			buildRules = (
			);
			dependencies = (
				CA18F5B41E58480F003788F6 /* PBXTargetDependency */,
			);
			name = PartyRockAppUITests;
			productName = PartyRockAppUITests;
			productReference = CA18F5B21E58480F003788F6 /* PartyRockAppUITests.xctest */;
			productType = "com.apple.product-type.bundle.ui-testing";
		};
/* End PBXNativeTarget section */

/* Begin PBXProject section */
		CA18F58B1E58480F003788F6 /* Project object */ = {
			isa = PBXProject;
			attributes = {
				LastSwiftUpdateCheck = 0820;
				LastUpgradeCheck = 0820;
				ORGANIZATIONNAME = "JMLeaux LLC";
				TargetAttributes = {
					CA18F5921E58480F003788F6 = {
						CreatedOnToolsVersion = 8.2.1;
						DevelopmentTeam = 2P82N6PF63;
						ProvisioningStyle = Automatic;
					};
					CA18F5A61E58480F003788F6 = {
						CreatedOnToolsVersion = 8.2.1;
						DevelopmentTeam = 2P82N6PF63;
						ProvisioningStyle = Automatic;
						TestTargetID = CA18F5921E58480F003788F6;
					};
					CA18F5B11E58480F003788F6 = {
						CreatedOnToolsVersion = 8.2.1;
						DevelopmentTeam = 2P82N6PF63;
						ProvisioningStyle = Automatic;
						TestTargetID = CA18F5921E58480F003788F6;
					};
				};
			};
			buildConfigurationList = CA18F58E1E58480F003788F6 /* Build configuration list for PBXProject "PartyRockApp" */;
			compatibilityVersion = "Xcode 3.2";
			developmentRegion = English;
			hasScannedForEncodings = 0;
			knownRegions = (
				en,
				Base,
			);
			mainGroup = CA18F58A1E58480F003788F6;
			productRefGroup = CA18F5941E58480F003788F6 /* Products */;
			projectDirPath = "";
			projectRoot = "";
			targets = (
				CA18F5921E58480F003788F6 /* PartyRockApp */,
				CA18F5A61E58480F003788F6 /* PartyRockAppTests */,
				CA18F5B11E58480F003788F6 /* PartyRockAppUITests */,
			);
		};
/* End PBXProject section */

/* Begin PBXResourcesBuildPhase section */
		CA18F5911E58480F003788F6 /* Resources */ = {
			isa = PBXResourcesBuildPhase;
			buildActionMask = 2147483647;
			files = (
				CA18F5A11E58480F003788F6 /* LaunchScreen.storyboard in Resources */,
				CA18F59E1E58480F003788F6 /* Assets.xcassets in Resources */,
				CA18F59C1E58480F003788F6 /* Main.storyboard in Resources */,
			);
			runOnlyForDeploymentPostprocessing = 0;
		};
		CA18F5A51E58480F003788F6 /* Resources */ = {
			isa = PBXResourcesBuildPhase;
			buildActionMask = 2147483647;
			files = (
			);
			runOnlyForDeploymentPostprocessing = 0;
		};
		CA18F5B01E58480F003788F6 /* Resources */ = {
			isa = PBXResourcesBuildPhase;
			buildActionMask = 2147483647;
			files = (
			);
			runOnlyForDeploymentPostprocessing = 0;
		};
/* End PBXResourcesBuildPhase section */

/* Begin PBXSourcesBuildPhase section */
		CA18F58F1E58480F003788F6 /* Sources */ = {
			isa = PBXSourcesBuildPhase;
			buildActionMask = 2147483647;
			files = (
				CA18F5991E58480F003788F6 /* MainVC.swift in Sources */,
				CA18F5971E58480F003788F6 /* AppDelegate.swift in Sources */,
			);
			runOnlyForDeploymentPostprocessing = 0;
		};
		CA18F5A31E58480F003788F6 /* Sources */ = {
			isa = PBXSourcesBuildPhase;
			buildActionMask = 2147483647;
			files = (
				CA18F5AC1E58480F003788F6 /* PartyRockAppTests.swift in Sources */,
			);
			runOnlyForDeploymentPostprocessing = 0;
		};
		CA18F5AE1E58480F003788F6 /* Sources */ = {
			isa = PBXSourcesBuildPhase;
			buildActionMask = 2147483647;
			files = (
				CA18F5B71E58480F003788F6 /* PartyRockAppUITests.swift in Sources */,
			);
			runOnlyForDeploymentPostprocessing = 0;
		};
/* End PBXSourcesBuildPhase section */

/* Begin PBXTargetDependency section */
		CA18F5A91E58480F003788F6 /* PBXTargetDependency */ = {
			isa = PBXTargetDependency;
			target = CA18F5921E58480F003788F6 /* PartyRockApp */;
			targetProxy = CA18F5A81E58480F003788F6 /* PBXContainerItemProxy */;
		};
		CA18F5B41E58480F003788F6 /* PBXTargetDependency */ = {
			isa = PBXTargetDependency;
			target = CA18F5921E58480F003788F6 /* PartyRockApp */;
			targetProxy = CA18F5B31E58480F003788F6 /* PBXContainerItemProxy */;
		};
/* End PBXTargetDependency section */

/* Begin PBXVariantGroup section */
		CA18F59A1E58480F003788F6 /* Main.storyboard */ = {
			isa = PBXVariantGroup;
			children = (
				CA18F59B1E58480F003788F6 /* Base */,
			);
			name = Main.storyboard;
			sourceTree = "<group>";
		};
		CA18F59F1E58480F003788F6 /* LaunchScreen.storyboard */ = {
			isa = PBXVariantGroup;
			children = (
				CA18F5A01E58480F003788F6 /* Base */,
			);
			name = LaunchScreen.storyboard;
			sourceTree = "<group>";
		};
/* End PBXVariantGroup section */

/* Begin XCBuildConfiguration section */
		CA18F5B91E58480F003788F6 /* Debug */ = {
			isa = XCBuildConfiguration;
			buildSettings = {
				ALWAYS_SEARCH_USER_PATHS = NO;
				CLANG_ANALYZER_NONNULL = YES;
				CLANG_CXX_LANGUAGE_STANDARD = "gnu++0x";
				CLANG_CXX_LIBRARY = "libc++";
				CLANG_ENABLE_MODULES = YES;
				CLANG_ENABLE_OBJC_ARC = YES;
				CLANG_WARN_BOOL_CONVERSION = YES;
				CLANG_WARN_CONSTANT_CONVERSION = YES;
				CLANG_WARN_DIRECT_OBJC_ISA_USAGE = YES_ERROR;
				CLANG_WARN_DOCUMENTATION_COMMENTS = YES;
				CLANG_WARN_EMPTY_BODY = YES;
				CLANG_WARN_ENUM_CONVERSION = YES;
				CLANG_WARN_INFINITE_RECURSION = YES;
				CLANG_WARN_INT_CONVERSION = YES;
				CLANG_WARN_OBJC_ROOT_CLASS = YES_ERROR;
				CLANG_WARN_SUSPICIOUS_MOVE = YES;
				CLANG_WARN_UNREACHABLE_CODE = YES;
				CLANG_WARN__DUPLICATE_METHOD_MATCH = YES;
				"CODE_SIGN_IDENTITY[sdk=iphoneos*]" = "iPhone Developer";
				COPY_PHASE_STRIP = NO;
				DEBUG_INFORMATION_FORMAT = dwarf;
				ENABLE_STRICT_OBJC_MSGSEND = YES;
				ENABLE_TESTABILITY = YES;
				GCC_C_LANGUAGE_STANDARD = gnu99;
				GCC_DYNAMIC_NO_PIC = NO;
				GCC_NO_COMMON_BLOCKS = YES;
				GCC_OPTIMIZATION_LEVEL = 0;
				GCC_PREPROCESSOR_DEFINITIONS = (
					"DEBUG=1",
					"$(inherited)",
				);
				GCC_WARN_64_TO_32_BIT_CONVERSION = YES;
				GCC_WARN_ABOUT_RETURN_TYPE = YES_ERROR;
				GCC_WARN_UNDECLARED_SELECTOR = YES;
				GCC_WARN_UNINITIALIZED_AUTOS = YES_AGGRESSIVE;
				GCC_WARN_UNUSED_FUNCTION = YES;
				GCC_WARN_UNUSED_VARIABLE = YES;
				IPHONEOS_DEPLOYMENT_TARGET = 10.2;
				MTL_ENABLE_DEBUG_INFO = YES;
				ONLY_ACTIVE_ARCH = YES;
				SDKROOT = iphoneos;
				SWIFT_ACTIVE_COMPILATION_CONDITIONS = DEBUG;
				SWIFT_OPTIMIZATION_LEVEL = "-Onone";
				TARGETED_DEVICE_FAMILY = "1,2";
			};
			name = Debug;
		};
		CA18F5BA1E58480F003788F6 /* Release */ = {
			isa = XCBuildConfiguration;
			buildSettings = {
				ALWAYS_SEARCH_USER_PATHS = NO;
				CLANG_ANALYZER_NONNULL = YES;
				CLANG_CXX_LANGUAGE_STANDARD = "gnu++0x";
				CLANG_CXX_LIBRARY = "libc++";
				CLANG_ENABLE_MODULES = YES;
				CLANG_ENABLE_OBJC_ARC = YES;
				CLANG_WARN_BOOL_CONVERSION = YES;
				CLANG_WARN_CONSTANT_CONVERSION = YES;
				CLANG_WARN_DIRECT_OBJC_ISA_USAGE = YES_ERROR;
				CLANG_WARN_DOCUMENTATION_COMMENTS = YES;
				CLANG_WARN_EMPTY_BODY = YES;
				CLANG_WARN_ENUM_CONVERSION = YES;
				CLANG_WARN_INFINITE_RECURSION = YES;
				CLANG_WARN_INT_CONVERSION = YES;
				CLANG_WARN_OBJC_ROOT_CLASS = YES_ERROR;
				CLANG_WARN_SUSPICIOUS_MOVE = YES;
				CLANG_WARN_UNREACHABLE_CODE = YES;
				CLANG_WARN__DUPLICATE_METHOD_MATCH = YES;
				"CODE_SIGN_IDENTITY[sdk=iphoneos*]" = "iPhone Developer";
				COPY_PHASE_STRIP = NO;
				DEBUG_INFORMATION_FORMAT = "dwarf-with-dsym";
				ENABLE_NS_ASSERTIONS = NO;
				ENABLE_STRICT_OBJC_MSGSEND = YES;
				GCC_C_LANGUAGE_STANDARD = gnu99;
				GCC_NO_COMMON_BLOCKS = YES;
				GCC_WARN_64_TO_32_BIT_CONVERSION = YES;
				GCC_WARN_ABOUT_RETURN_TYPE = YES_ERROR;
				GCC_WARN_UNDECLARED_SELECTOR = YES;
				GCC_WARN_UNINITIALIZED_AUTOS = YES_AGGRESSIVE;
				GCC_WARN_UNUSED_FUNCTION = YES;
				GCC_WARN_UNUSED_VARIABLE = YES;
				IPHONEOS_DEPLOYMENT_TARGET = 10.2;
				MTL_ENABLE_DEBUG_INFO = NO;
				SDKROOT = iphoneos;
				SWIFT_OPTIMIZATION_LEVEL = "-Owholemodule";
				TARGETED_DEVICE_FAMILY = "1,2";
				VALIDATE_PRODUCT = YES;
			};
			name = Release;
		};
		CA18F5BC1E58480F003788F6 /* Debug */ = {
			isa = XCBuildConfiguration;
			buildSettings = {
				ASSETCATALOG_COMPILER_APPICON_NAME = AppIcon;
				DEVELOPMENT_TEAM = 2P82N6PF63;
				INFOPLIST_FILE = PartyRockApp/Info.plist;
				LD_RUNPATH_SEARCH_PATHS = "$(inherited) @executable_path/Frameworks";
				PRODUCT_BUNDLE_IDENTIFIER = net.jmlowe.PartyRockApp;
				PRODUCT_NAME = "$(TARGET_NAME)";
				SWIFT_VERSION = 3.0;
			};
			name = Debug;
		};
		CA18F5BD1E58480F003788F6 /* Release */ = {
			isa = XCBuildConfiguration;
			buildSettings = {
				ASSETCATALOG_COMPILER_APPICON_NAME = AppIcon;
				DEVELOPMENT_TEAM = 2P82N6PF63;
				INFOPLIST_FILE = PartyRockApp/Info.plist;
				LD_RUNPATH_SEARCH_PATHS = "$(inherited) @executable_path/Frameworks";
				PRODUCT_BUNDLE_IDENTIFIER = net.jmlowe.PartyRockApp;
				PRODUCT_NAME = "$(TARGET_NAME)";
				SWIFT_VERSION = 3.0;
			};
			name = Release;
		};
		CA18F5BF1E58480F003788F6 /* Debug */ = {
			isa = XCBuildConfiguration;
			buildSettings = {
				ALWAYS_EMBED_SWIFT_STANDARD_LIBRARIES = YES;
				BUNDLE_LOADER = "$(TEST_HOST)";
				DEVELOPMENT_TEAM = 2P82N6PF63;
				INFOPLIST_FILE = PartyRockAppTests/Info.plist;
				LD_RUNPATH_SEARCH_PATHS = "$(inherited) @executable_path/Frameworks @loader_path/Frameworks";
				PRODUCT_BUNDLE_IDENTIFIER = net.jmlowe.PartyRockAppTests;
				PRODUCT_NAME = "$(TARGET_NAME)";
				SWIFT_VERSION = 3.0;
				TEST_HOST = "$(BUILT_PRODUCTS_DIR)/PartyRockApp.app/PartyRockApp";
			};
			name = Debug;
		};
		CA18F5C01E58480F003788F6 /* Release */ = {
			isa = XCBuildConfiguration;
			buildSettings = {
				ALWAYS_EMBED_SWIFT_STANDARD_LIBRARIES = YES;
				BUNDLE_LOADER = "$(TEST_HOST)";
				DEVELOPMENT_TEAM = 2P82N6PF63;
				INFOPLIST_FILE = PartyRockAppTests/Info.plist;
				LD_RUNPATH_SEARCH_PATHS = "$(inherited) @executable_path/Frameworks @loader_path/Frameworks";
				PRODUCT_BUNDLE_IDENTIFIER = net.jmlowe.PartyRockAppTests;
				PRODUCT_NAME = "$(TARGET_NAME)";
				SWIFT_VERSION = 3.0;
				TEST_HOST = "$(BUILT_PRODUCTS_DIR)/PartyRockApp.app/PartyRockApp";
			};
			name = Release;
		};
		CA18F5C21E58480F003788F6 /* Debug */ = {
			isa = XCBuildConfiguration;
			buildSettings = {
				ALWAYS_EMBED_SWIFT_STANDARD_LIBRARIES = YES;
				DEVELOPMENT_TEAM = 2P82N6PF63;
				INFOPLIST_FILE = PartyRockAppUITests/Info.plist;
				LD_RUNPATH_SEARCH_PATHS = "$(inherited) @executable_path/Frameworks @loader_path/Frameworks";
				PRODUCT_BUNDLE_IDENTIFIER = net.jmlowe.PartyRockAppUITests;
				PRODUCT_NAME = "$(TARGET_NAME)";
				SWIFT_VERSION = 3.0;
				TEST_TARGET_NAME = PartyRockApp;
			};
			name = Debug;
		};
		CA18F5C31E58480F003788F6 /* Release */ = {
			isa = XCBuildConfiguration;
			buildSettings = {
				ALWAYS_EMBED_SWIFT_STANDARD_LIBRARIES = YES;
				DEVELOPMENT_TEAM = 2P82N6PF63;
				INFOPLIST_FILE = PartyRockAppUITests/Info.plist;
				LD_RUNPATH_SEARCH_PATHS = "$(inherited) @executable_path/Frameworks @loader_path/Frameworks";
				PRODUCT_BUNDLE_IDENTIFIER = net.jmlowe.PartyRockAppUITests;
				PRODUCT_NAME = "$(TARGET_NAME)";
				SWIFT_VERSION = 3.0;
				TEST_TARGET_NAME = PartyRockApp;
			};
			name = Release;
		};
/* End XCBuildConfiguration section */

/* Begin XCConfigurationList section */
		CA18F58E1E58480F003788F6 /* Build configuration list for PBXProject "PartyRockApp" */ = {
			isa = XCConfigurationList;
			buildConfigurations = (
				CA18F5B91E58480F003788F6 /* Debug */,
				CA18F5BA1E58480F003788F6 /* Release */,
			);
			defaultConfigurationIsVisible = 0;
			defaultConfigurationName = Release;
		};
		CA18F5BB1E58480F003788F6 /* Build configuration list for PBXNativeTarget "PartyRockApp" */ = {
			isa = XCConfigurationList;
			buildConfigurations = (
				CA18F5BC1E58480F003788F6 /* Debug */,
				CA18F5BD1E58480F003788F6 /* Release */,
			);
			defaultConfigurationIsVisible = 0;
		};
		CA18F5BE1E58480F003788F6 /* Build configuration list for PBXNativeTarget "PartyRockAppTests" */ = {
			isa = XCConfigurationList;
			buildConfigurations = (
				CA18F5BF1E58480F003788F6 /* Debug */,
				CA18F5C01E58480F003788F6 /* Release */,
			);
			defaultConfigurationIsVisible = 0;
		};
		CA18F5C11E58480F003788F6 /* Build configuration list for PBXNativeTarget "PartyRockAppUITests" */ = {
			isa = XCConfigurationList;
			buildConfigurations = (
				CA18F5C21E58480F003788F6 /* Debug */,
				CA18F5C31E58480F003788F6 /* Release */,
			);
			defaultConfigurationIsVisible = 0;
		};
/* End XCConfigurationList section */
	};
	rootObject = CA18F58B1E58480F003788F6 /* Project object */;
}
